
Microsoft Visual Studio Solution File, Format Version 12.00
# Visual Studio Version 16
VisualStudioVersion = 16.0.31624.102
MinimumVisualStudioVersion = 10.0.40219.1
Project("{FAE04EC0-301F-11D3-BF4B-00C04F79EFBC}") = "WinMetasisLP", "WinMetasisLP\WinMetasisLP.csproj", "{65BB813C-1D55-49D2-83CD-BCA0EE68D703}"
EndProject
Global
	GlobalSection(SolutionConfigurationPlatforms) = preSolution
		Debug|Any CPU = Debug|Any CPU
		Release|Any CPU = Release|Any CPU
	EndGlobalSection
	GlobalSection(ProjectConfigurationPlatforms) = postSolution
		{65BB813C-1D55-49D2-83CD-BCA0EE68D703}.Debug|Any CPU.ActiveCfg = Debug|Any CPU
		{65BB813C-1D55-49D2-83CD-BCA0EE68D703}.Debug|Any CPU.Build.0 = Debug|Any CPU
		{65BB813C-1D55-49D2-83CD-BCA0EE68D703}.Release|Any CPU.ActiveCfg = Release|Any CPU
		{65BB813C-1D55-49D2-83CD-BCA0EE68D703}.Release|Any CPU.Build.0 = Release|Any CPU
	EndGlobalSection
	GlobalSection(SolutionProperties) = preSolution
		HideSolutionNode = FALSE
	EndGlobalSection
	GlobalSection(ExtensibilityGlobals) = postSolution
		SolutionGuid = {C8A2D5E6-BF2E-4644-8EAF-326C3A4F238D}
	EndGlobalSection
EndGlobal
